# This file is automatically @generated by Cargo.
# It is not intended for manual editing.
version = 4

[[package]]
name = "simply_colored"
version = "0.1.4"
source = "registry+https://github.com/rust-lang/crates.io-index"
checksum = "8b9a4cd76dce3448e21b46120655c4567c0ae8d51156cd764f7fa7048fb79ac1"

[[package]]
name = "turing"
version = "0.1.0"
dependencies = [
 "simply_colored",
]
